// !$*UTF8*$!
{
	archiveVersion = 1;
	classes = {
	};
	objectVersion = 52;
	objects = {

/* Begin PBXBuildFile section */
		0ABB573C269F9EDC00C957DE /* BonjourServer.swift in Sources */ = {isa = PBXBuildFile; fileRef = 0ABB573B269F9EDC00C957DE /* BonjourServer.swift */; };
		0ABB5740269FA0A300C957DE /* GCDAsyncSocket.m in Sources */ = {isa = PBXBuildFile; fileRef = 0ABB573F269FA0A300C957DE /* GCDAsyncSocket.m */; };
		D915664B2739846000E88EC4 /* DeviceResponse.swift in Sources */ = {isa = PBXBuildFile; fileRef = D915664A2739846000E88EC4 /* DeviceResponse.swift */; };
		D93D1090272AF72D00453B3D /* HomeViewController.swift in Sources */ = {isa = PBXBuildFile; fileRef = D93D108F272AF72D00453B3D /* HomeViewController.swift */; };
		D97D508627709727003D677A /* Moya in Frameworks */ = {isa = PBXBuildFile; productRef = D97D508527709727003D677A /* Moya */; };
		D97D50892770A22D003D677A /* ColorRequest.swift in Sources */ = {isa = PBXBuildFile; fileRef = D97D50882770A22D003D677A /* ColorRequest.swift */; };
		D97D508B2770A2E9003D677A /* RainbowRequest.swift in Sources */ = {isa = PBXBuildFile; fileRef = D97D508A2770A2E9003D677A /* RainbowRequest.swift */; };
		D97EECDD272B581C008DA06A /* StoreService.swift in Sources */ = {isa = PBXBuildFile; fileRef = D97EECDC272B581C008DA06A /* StoreService.swift */; };
		D97EECE0272B6B5B008DA06A /* Device.swift in Sources */ = {isa = PBXBuildFile; fileRef = D97EECDF272B6B5B008DA06A /* Device.swift */; };
		D97EECE3272B6DE0008DA06A /* DeviceCell.swift.swift in Sources */ = {isa = PBXBuildFile; fileRef = D97EECE2272B6DE0008DA06A /* DeviceCell.swift.swift */; };
		D998F90F2730A054000EA384 /* Button.swift in Sources */ = {isa = PBXBuildFile; fileRef = D998F90E2730A054000EA384 /* Button.swift */; };
		D998F91227315792000EA384 /* DeviceCollectionViewCell.swift in Sources */ = {isa = PBXBuildFile; fileRef = D998F91127315792000EA384 /* DeviceCollectionViewCell.swift */; };
		D998F915273158A1000EA384 /* Reusable.swift in Sources */ = {isa = PBXBuildFile; fileRef = D998F914273158A1000EA384 /* Reusable.swift */; };
		D998F91827341701000EA384 /* UIView+Extensions.swift in Sources */ = {isa = PBXBuildFile; fileRef = D998F91727341701000EA384 /* UIView+Extensions.swift */; };
		D998F91A2734171E000EA384 /* UIColor+Extensions.swift in Sources */ = {isa = PBXBuildFile; fileRef = D998F9192734171E000EA384 /* UIColor+Extensions.swift */; };
		D9C7C53D2770AA4B0064D9BD /* FireRequest.swift in Sources */ = {isa = PBXBuildFile; fileRef = D9C7C53C2770AA4B0064D9BD /* FireRequest.swift */; };
		D9C7C53F2770B0440064D9BD /* DeviceNetwork.swift in Sources */ = {isa = PBXBuildFile; fileRef = D9C7C53E2770B0440064D9BD /* DeviceNetwork.swift */; };
		D9C7C5412770BABF0064D9BD /* DeviceModeCollectionViewCell.swift.swift in Sources */ = {isa = PBXBuildFile; fileRef = D9C7C5402770BABF0064D9BD /* DeviceModeCollectionViewCell.swift.swift */; };
		D9C7C5432771582C0064D9BD /* BitmapRequest.swift in Sources */ = {isa = PBXBuildFile; fileRef = D9C7C5422771582C0064D9BD /* BitmapRequest.swift */; };
		D9CE4D9C2771E056009C57B8 /* DeviceDetailsViewModel.swift in Sources */ = {isa = PBXBuildFile; fileRef = D9CE4D9B2771E056009C57B8 /* DeviceDetailsViewModel.swift */; };
		D9CE4D9E2771E37E009C57B8 /* DeviceDetailsHeaderView.swift in Sources */ = {isa = PBXBuildFile; fileRef = D9CE4D9D2771E37E009C57B8 /* DeviceDetailsHeaderView.swift */; };
		D9D42EDB2771EB0800CC6336 /* CombineCocoa in Frameworks */ = {isa = PBXBuildFile; productRef = D9D42EDA2771EB0800CC6336 /* CombineCocoa */; };
		D9D42EDE2772155500CC6336 /* Throttler in Frameworks */ = {isa = PBXBuildFile; productRef = D9D42EDD2772155500CC6336 /* Throttler */; };
		D9EF30A12683BF94009761A9 /* AppDelegate.swift in Sources */ = {isa = PBXBuildFile; fileRef = D9EF30A02683BF94009761A9 /* AppDelegate.swift */; };
		D9EF30A32683BF94009761A9 /* SceneDelegate.swift in Sources */ = {isa = PBXBuildFile; fileRef = D9EF30A22683BF94009761A9 /* SceneDelegate.swift */; };
		D9EF30A52683BF94009761A9 /* MainViewController.swift in Sources */ = {isa = PBXBuildFile; fileRef = D9EF30A42683BF94009761A9 /* MainViewController.swift */; };
		D9EF30AA2683BF95009761A9 /* Assets.xcassets in Resources */ = {isa = PBXBuildFile; fileRef = D9EF30A92683BF95009761A9 /* Assets.xcassets */; };
		D9EF30AD2683BF95009761A9 /* LaunchScreen.storyboard in Resources */ = {isa = PBXBuildFile; fileRef = D9EF30AB2683BF95009761A9 /* LaunchScreen.storyboard */; };
		D9EF30B52683CD56009761A9 /* DeviceDetailsViewController.swift in Sources */ = {isa = PBXBuildFile; fileRef = D9EF30B42683CD56009761A9 /* DeviceDetailsViewController.swift */; };
/* End PBXBuildFile section */

/* Begin PBXFileReference section */
		0ABB573B269F9EDC00C957DE /* BonjourServer.swift */ = {isa = PBXFileReference; lastKnownFileType = sourcecode.swift; path = BonjourServer.swift; sourceTree = "<group>"; };
		0ABB573D269FA07000C957DE /* GCDAsyncSocket.h */ = {isa = PBXFileReference; lastKnownFileType = sourcecode.c.h; path = GCDAsyncSocket.h; sourceTree = "<group>"; };
		0ABB573E269FA0A200C957DE /* LightsOut-Bridging-Header.h */ = {isa = PBXFileReference; lastKnownFileType = sourcecode.c.h; path = "LightsOut-Bridging-Header.h"; sourceTree = "<group>"; };
		0ABB573F269FA0A300C957DE /* GCDAsyncSocket.m */ = {isa = PBXFileReference; lastKnownFileType = sourcecode.c.objc; path = GCDAsyncSocket.m; sourceTree = "<group>"; };
		D915664A2739846000E88EC4 /* DeviceResponse.swift */ = {isa = PBXFileReference; lastKnownFileType = sourcecode.swift; path = DeviceResponse.swift; sourceTree = "<group>"; };
		D93D108F272AF72D00453B3D /* HomeViewController.swift */ = {isa = PBXFileReference; lastKnownFileType = sourcecode.swift; path = HomeViewController.swift; sourceTree = "<group>"; };
		D97D50882770A22D003D677A /* ColorRequest.swift */ = {isa = PBXFileReference; lastKnownFileType = sourcecode.swift; path = ColorRequest.swift; sourceTree = "<group>"; };
		D97D508A2770A2E9003D677A /* RainbowRequest.swift */ = {isa = PBXFileReference; lastKnownFileType = sourcecode.swift; path = RainbowRequest.swift; sourceTree = "<group>"; };
		D97EECDC272B581C008DA06A /* StoreService.swift */ = {isa = PBXFileReference; lastKnownFileType = sourcecode.swift; path = StoreService.swift; sourceTree = "<group>"; };
		D97EECDF272B6B5B008DA06A /* Device.swift */ = {isa = PBXFileReference; lastKnownFileType = sourcecode.swift; path = Device.swift; sourceTree = "<group>"; };
		D97EECE2272B6DE0008DA06A /* DeviceCell.swift.swift */ = {isa = PBXFileReference; lastKnownFileType = sourcecode.swift; path = DeviceCell.swift.swift; sourceTree = "<group>"; };
		D998F90E2730A054000EA384 /* Button.swift */ = {isa = PBXFileReference; lastKnownFileType = sourcecode.swift; path = Button.swift; sourceTree = "<group>"; };
		D998F91127315792000EA384 /* DeviceCollectionViewCell.swift */ = {isa = PBXFileReference; lastKnownFileType = sourcecode.swift; path = DeviceCollectionViewCell.swift; sourceTree = "<group>"; };
		D998F914273158A1000EA384 /* Reusable.swift */ = {isa = PBXFileReference; lastKnownFileType = sourcecode.swift; path = Reusable.swift; sourceTree = "<group>"; };
		D998F91727341701000EA384 /* UIView+Extensions.swift */ = {isa = PBXFileReference; lastKnownFileType = sourcecode.swift; path = "UIView+Extensions.swift"; sourceTree = "<group>"; };
		D998F9192734171E000EA384 /* UIColor+Extensions.swift */ = {isa = PBXFileReference; lastKnownFileType = sourcecode.swift; path = "UIColor+Extensions.swift"; sourceTree = "<group>"; };
		D9C7C53C2770AA4B0064D9BD /* FireRequest.swift */ = {isa = PBXFileReference; lastKnownFileType = sourcecode.swift; path = FireRequest.swift; sourceTree = "<group>"; };
		D9C7C53E2770B0440064D9BD /* DeviceNetwork.swift */ = {isa = PBXFileReference; lastKnownFileType = sourcecode.swift; path = DeviceNetwork.swift; sourceTree = "<group>"; };
		D9C7C5402770BABF0064D9BD /* DeviceModeCollectionViewCell.swift.swift */ = {isa = PBXFileReference; lastKnownFileType = sourcecode.swift; path = DeviceModeCollectionViewCell.swift.swift; sourceTree = "<group>"; };
		D9C7C5422771582C0064D9BD /* BitmapRequest.swift */ = {isa = PBXFileReference; lastKnownFileType = sourcecode.swift; path = BitmapRequest.swift; sourceTree = "<group>"; };
		D9CE4D9B2771E056009C57B8 /* DeviceDetailsViewModel.swift */ = {isa = PBXFileReference; lastKnownFileType = sourcecode.swift; path = DeviceDetailsViewModel.swift; sourceTree = "<group>"; };
		D9CE4D9D2771E37E009C57B8 /* DeviceDetailsHeaderView.swift */ = {isa = PBXFileReference; lastKnownFileType = sourcecode.swift; path = DeviceDetailsHeaderView.swift; sourceTree = "<group>"; };
		D9EF309D2683BF94009761A9 /* LightsOut.app */ = {isa = PBXFileReference; explicitFileType = wrapper.application; includeInIndex = 0; path = LightsOut.app; sourceTree = BUILT_PRODUCTS_DIR; };
		D9EF30A02683BF94009761A9 /* AppDelegate.swift */ = {isa = PBXFileReference; lastKnownFileType = sourcecode.swift; path = AppDelegate.swift; sourceTree = "<group>"; };
		D9EF30A22683BF94009761A9 /* SceneDelegate.swift */ = {isa = PBXFileReference; lastKnownFileType = sourcecode.swift; path = SceneDelegate.swift; sourceTree = "<group>"; };
		D9EF30A42683BF94009761A9 /* MainViewController.swift */ = {isa = PBXFileReference; indentWidth = 2; lastKnownFileType = sourcecode.swift; path = MainViewController.swift; sourceTree = "<group>"; };
		D9EF30A92683BF95009761A9 /* Assets.xcassets */ = {isa = PBXFileReference; lastKnownFileType = folder.assetcatalog; path = Assets.xcassets; sourceTree = "<group>"; };
		D9EF30AC2683BF95009761A9 /* Base */ = {isa = PBXFileReference; lastKnownFileType = file.storyboard; name = Base; path = Base.lproj/LaunchScreen.storyboard; sourceTree = "<group>"; };
		D9EF30AE2683BF95009761A9 /* Info.plist */ = {isa = PBXFileReference; lastKnownFileType = text.plist.xml; path = Info.plist; sourceTree = "<group>"; };
		D9EF30B42683CD56009761A9 /* DeviceDetailsViewController.swift */ = {isa = PBXFileReference; lastKnownFileType = sourcecode.swift; path = DeviceDetailsViewController.swift; sourceTree = "<group>"; };
/* End PBXFileReference section */

/* Begin PBXFrameworksBuildPhase section */
		D9EF309A2683BF94009761A9 /* Frameworks */ = {
			isa = PBXFrameworksBuildPhase;
			buildActionMask = 2147483647;
			files = (
				D9D42EDE2772155500CC6336 /* Throttler in Frameworks */,
				D9D42EDB2771EB0800CC6336 /* CombineCocoa in Frameworks */,
				D97D508627709727003D677A /* Moya in Frameworks */,
			);
			runOnlyForDeploymentPostprocessing = 0;
		};
/* End PBXFrameworksBuildPhase section */

/* Begin PBXGroup section */
		D91566492739845500E88EC4 /* Response */ = {
			isa = PBXGroup;
			children = (
				D915664A2739846000E88EC4 /* DeviceResponse.swift */,
			);
			path = Response;
			sourceTree = "<group>";
		};
		D91B39BA272AAD1D007ED8B0 /* Services */ = {
			isa = PBXGroup;
			children = (
				D97EECDC272B581C008DA06A /* StoreService.swift */,
			);
			path = Services;
			sourceTree = "<group>";
		};
		D91B39BB272AAD28007ED8B0 /* Scenes */ = {
			isa = PBXGroup;
			children = (
				D93D108E272AF72100453B3D /* Home */,
				D93D108B272AEE7100453B3D /* Main */,
				D93D1091272AF89900453B3D /* DeviceDetails */,
			);
			path = Scenes;
			sourceTree = "<group>";
		};
		D93D108B272AEE7100453B3D /* Main */ = {
			isa = PBXGroup;
			children = (
				D9EF30A42683BF94009761A9 /* MainViewController.swift */,
				D97EECE1272B6DC2008DA06A /* Subviews */,
			);
			path = Main;
			sourceTree = "<group>";
		};
		D93D108E272AF72100453B3D /* Home */ = {
			isa = PBXGroup;
			children = (
				D93D108F272AF72D00453B3D /* HomeViewController.swift */,
			);
			path = Home;
			sourceTree = "<group>";
		};
		D93D1091272AF89900453B3D /* DeviceDetails */ = {
			isa = PBXGroup;
			children = (
				D9EF30B42683CD56009761A9 /* DeviceDetailsViewController.swift */,
				D9CE4D9B2771E056009C57B8 /* DeviceDetailsViewModel.swift */,
				D998F90C2730A00F000EA384 /* Subviews */,
			);
			path = DeviceDetails;
			sourceTree = "<group>";
		};
		D97D50872770A21C003D677A /* Request */ = {
			isa = PBXGroup;
			children = (
				D97D50882770A22D003D677A /* ColorRequest.swift */,
				D97D508A2770A2E9003D677A /* RainbowRequest.swift */,
				D9C7C53C2770AA4B0064D9BD /* FireRequest.swift */,
				D9C7C5422771582C0064D9BD /* BitmapRequest.swift */,
			);
			path = Request;
			sourceTree = "<group>";
		};
		D97EECDE272B6B48008DA06A /* Models */ = {
			isa = PBXGroup;
			children = (
				D97D50872770A21C003D677A /* Request */,
				D91566492739845500E88EC4 /* Response */,
				D97EECDF272B6B5B008DA06A /* Device.swift */,
				D9C7C53E2770B0440064D9BD /* DeviceNetwork.swift */,
			);
			path = Models;
			sourceTree = "<group>";
		};
		D97EECE1272B6DC2008DA06A /* Subviews */ = {
			isa = PBXGroup;
			children = (
				D97EECE2272B6DE0008DA06A /* DeviceCell.swift.swift */,
			);
			path = Subviews;
			sourceTree = "<group>";
		};
		D998F90C2730A00F000EA384 /* Subviews */ = {
			isa = PBXGroup;
			children = (
				D9CE4D9D2771E37E009C57B8 /* DeviceDetailsHeaderView.swift */,
				D998F910273155FE000EA384 /* Cells */,
			);
			path = Subviews;
			sourceTree = "<group>";
		};
		D998F90D2730A01C000EA384 /* Common */ = {
			isa = PBXGroup;
			children = (
				D998F916273416E3000EA384 /* Extensions */,
				D998F9132731588F000EA384 /* Protocols */,
				D998F90E2730A054000EA384 /* Button.swift */,
			);
			path = Common;
			sourceTree = "<group>";
		};
		D998F910273155FE000EA384 /* Cells */ = {
			isa = PBXGroup;
			children = (
				D998F91127315792000EA384 /* DeviceCollectionViewCell.swift */,
				D9C7C5402770BABF0064D9BD /* DeviceModeCollectionViewCell.swift.swift */,
			);
			path = Cells;
			sourceTree = "<group>";
		};
		D998F9132731588F000EA384 /* Protocols */ = {
			isa = PBXGroup;
			children = (
				D998F914273158A1000EA384 /* Reusable.swift */,
			);
			path = Protocols;
			sourceTree = "<group>";
		};
		D998F916273416E3000EA384 /* Extensions */ = {
			isa = PBXGroup;
			children = (
				D998F91727341701000EA384 /* UIView+Extensions.swift */,
				D998F9192734171E000EA384 /* UIColor+Extensions.swift */,
			);
			path = Extensions;
			sourceTree = "<group>";
		};
		D9EF30942683BF94009761A9 = {
			isa = PBXGroup;
			children = (
				D9EF309F2683BF94009761A9 /* LightsOut */,
				D9EF309E2683BF94009761A9 /* Products */,
			);
			sourceTree = "<group>";
		};
		D9EF309E2683BF94009761A9 /* Products */ = {
			isa = PBXGroup;
			children = (
				D9EF309D2683BF94009761A9 /* LightsOut.app */,
			);
			name = Products;
			sourceTree = "<group>";
		};
		D9EF309F2683BF94009761A9 /* LightsOut */ = {
			isa = PBXGroup;
			children = (
				D998F90D2730A01C000EA384 /* Common */,
				D97EECDE272B6B48008DA06A /* Models */,
				D91B39BB272AAD28007ED8B0 /* Scenes */,
				D91B39BA272AAD1D007ED8B0 /* Services */,
				D9EF30A02683BF94009761A9 /* AppDelegate.swift */,
				D9EF30A22683BF94009761A9 /* SceneDelegate.swift */,
				D9EF30A92683BF95009761A9 /* Assets.xcassets */,
				D9EF30AB2683BF95009761A9 /* LaunchScreen.storyboard */,
				D9EF30AE2683BF95009761A9 /* Info.plist */,
				0ABB573B269F9EDC00C957DE /* BonjourServer.swift */,
				0ABB573D269FA07000C957DE /* GCDAsyncSocket.h */,
				0ABB573F269FA0A300C957DE /* GCDAsyncSocket.m */,
				0ABB573E269FA0A200C957DE /* LightsOut-Bridging-Header.h */,
			);
			path = LightsOut;
			sourceTree = "<group>";
		};
/* End PBXGroup section */

/* Begin PBXNativeTarget section */
		D9EF309C2683BF94009761A9 /* LightsOut */ = {
			isa = PBXNativeTarget;
			buildConfigurationList = D9EF30B12683BF95009761A9 /* Build configuration list for PBXNativeTarget "LightsOut" */;
			buildPhases = (
				D9EF30992683BF94009761A9 /* Sources */,
				D9EF309A2683BF94009761A9 /* Frameworks */,
				D9EF309B2683BF94009761A9 /* Resources */,
			);
			buildRules = (
			);
			dependencies = (
			);
			name = LightsOut;
			packageProductDependencies = (
				D97D508527709727003D677A /* Moya */,
				D9D42EDA2771EB0800CC6336 /* CombineCocoa */,
				D9D42EDD2772155500CC6336 /* Throttler */,
			);
			productName = LightsOut;
			productReference = D9EF309D2683BF94009761A9 /* LightsOut.app */;
			productType = "com.apple.product-type.application";
		};
/* End PBXNativeTarget section */

/* Begin PBXProject section */
		D9EF30952683BF94009761A9 /* Project object */ = {
			isa = PBXProject;
			attributes = {
				LastSwiftUpdateCheck = 1250;
				LastUpgradeCheck = 1250;
				TargetAttributes = {
					D9EF309C2683BF94009761A9 = {
						CreatedOnToolsVersion = 12.5.1;
						LastSwiftMigration = 1250;
					};
				};
			};
			buildConfigurationList = D9EF30982683BF94009761A9 /* Build configuration list for PBXProject "LightsOut" */;
			compatibilityVersion = "Xcode 9.3";
			developmentRegion = en;
			hasScannedForEncodings = 0;
			knownRegions = (
				en,
				Base,
			);
			mainGroup = D9EF30942683BF94009761A9;
			packageReferences = (
				D97D508427709727003D677A /* XCRemoteSwiftPackageReference "Moya" */,
				D9D42ED92771EB0800CC6336 /* XCRemoteSwiftPackageReference "CombineCocoa" */,
				D9D42EDC2772155500CC6336 /* XCRemoteSwiftPackageReference "Throttler" */,
			);
			productRefGroup = D9EF309E2683BF94009761A9 /* Products */;
			projectDirPath = "";
			projectRoot = "";
			targets = (
				D9EF309C2683BF94009761A9 /* LightsOut */,
			);
		};
/* End PBXProject section */

/* Begin PBXResourcesBuildPhase section */
		D9EF309B2683BF94009761A9 /* Resources */ = {
			isa = PBXResourcesBuildPhase;
			buildActionMask = 2147483647;
			files = (
				D9EF30AD2683BF95009761A9 /* LaunchScreen.storyboard in Resources */,
				D9EF30AA2683BF95009761A9 /* Assets.xcassets in Resources */,
			);
			runOnlyForDeploymentPostprocessing = 0;
		};
/* End PBXResourcesBuildPhase section */

/* Begin PBXSourcesBuildPhase section */
		D9EF30992683BF94009761A9 /* Sources */ = {
			isa = PBXSourcesBuildPhase;
			buildActionMask = 2147483647;
			files = (
				0ABB5740269FA0A300C957DE /* GCDAsyncSocket.m in Sources */,
				D97D50892770A22D003D677A /* ColorRequest.swift in Sources */,
				D9EF30A52683BF94009761A9 /* MainViewController.swift in Sources */,
				D9EF30A12683BF94009761A9 /* AppDelegate.swift in Sources */,
				D93D1090272AF72D00453B3D /* HomeViewController.swift in Sources */,
				D9EF30A32683BF94009761A9 /* SceneDelegate.swift in Sources */,
				0ABB573C269F9EDC00C957DE /* BonjourServer.swift in Sources */,
				D9C7C53F2770B0440064D9BD /* DeviceNetwork.swift in Sources */,
				D9C7C5412770BABF0064D9BD /* DeviceModeCollectionViewCell.swift.swift in Sources */,
				D9C7C5432771582C0064D9BD /* BitmapRequest.swift in Sources */,
				D9CE4D9C2771E056009C57B8 /* DeviceDetailsViewModel.swift in Sources */,
				D97D508B2770A2E9003D677A /* RainbowRequest.swift in Sources */,
				D998F915273158A1000EA384 /* Reusable.swift in Sources */,
				D9EF30B52683CD56009761A9 /* DeviceDetailsViewController.swift in Sources */,
				D998F90F2730A054000EA384 /* Button.swift in Sources */,
				D915664B2739846000E88EC4 /* DeviceResponse.swift in Sources */,
				D998F91227315792000EA384 /* DeviceCollectionViewCell.swift in Sources */,
				D998F91A2734171E000EA384 /* UIColor+Extensions.swift in Sources */,
				D9CE4D9E2771E37E009C57B8 /* DeviceDetailsHeaderView.swift in Sources */,
				D9C7C53D2770AA4B0064D9BD /* FireRequest.swift in Sources */,
				D97EECE3272B6DE0008DA06A /* DeviceCell.swift.swift in Sources */,
				D998F91827341701000EA384 /* UIView+Extensions.swift in Sources */,
				D97EECDD272B581C008DA06A /* StoreService.swift in Sources */,
				D97EECE0272B6B5B008DA06A /* Device.swift in Sources */,
			);
			runOnlyForDeploymentPostprocessing = 0;
		};
/* End PBXSourcesBuildPhase section */

/* Begin PBXVariantGroup section */
		D9EF30AB2683BF95009761A9 /* LaunchScreen.storyboard */ = {
			isa = PBXVariantGroup;
			children = (
				D9EF30AC2683BF95009761A9 /* Base */,
			);
			name = LaunchScreen.storyboard;
			sourceTree = "<group>";
		};
/* End PBXVariantGroup section */

/* Begin XCBuildConfiguration section */
		D9EF30AF2683BF95009761A9 /* Debug */ = {
			isa = XCBuildConfiguration;
			buildSettings = {
				ALWAYS_SEARCH_USER_PATHS = NO;
				CLANG_ANALYZER_NONNULL = YES;
				CLANG_ANALYZER_NUMBER_OBJECT_CONVERSION = YES_AGGRESSIVE;
				CLANG_CXX_LANGUAGE_STANDARD = "gnu++14";
				CLANG_CXX_LIBRARY = "libc++";
				CLANG_ENABLE_MODULES = YES;
				CLANG_ENABLE_OBJC_ARC = YES;
				CLANG_ENABLE_OBJC_WEAK = YES;
				CLANG_WARN_BLOCK_CAPTURE_AUTORELEASING = YES;
				CLANG_WARN_BOOL_CONVERSION = YES;
				CLANG_WARN_COMMA = YES;
				CLANG_WARN_CONSTANT_CONVERSION = YES;
				CLANG_WARN_DEPRECATED_OBJC_IMPLEMENTATIONS = YES;
				CLANG_WARN_DIRECT_OBJC_ISA_USAGE = YES_ERROR;
				CLANG_WARN_DOCUMENTATION_COMMENTS = YES;
				CLANG_WARN_EMPTY_BODY = YES;
				CLANG_WARN_ENUM_CONVERSION = YES;
				CLANG_WARN_INFINITE_RECURSION = YES;
				CLANG_WARN_INT_CONVERSION = YES;
				CLANG_WARN_NON_LITERAL_NULL_CONVERSION = YES;
				CLANG_WARN_OBJC_IMPLICIT_RETAIN_SELF = YES;
				CLANG_WARN_OBJC_LITERAL_CONVERSION = YES;
				CLANG_WARN_OBJC_ROOT_CLASS = YES_ERROR;
				CLANG_WARN_QUOTED_INCLUDE_IN_FRAMEWORK_HEADER = YES;
				CLANG_WARN_RANGE_LOOP_ANALYSIS = YES;
				CLANG_WARN_STRICT_PROTOTYPES = YES;
				CLANG_WARN_SUSPICIOUS_MOVE = YES;
				CLANG_WARN_UNGUARDED_AVAILABILITY = YES_AGGRESSIVE;
				CLANG_WARN_UNREACHABLE_CODE = YES;
				CLANG_WARN__DUPLICATE_METHOD_MATCH = YES;
				COPY_PHASE_STRIP = NO;
				DEBUG_INFORMATION_FORMAT = dwarf;
				ENABLE_STRICT_OBJC_MSGSEND = YES;
				ENABLE_TESTABILITY = YES;
				GCC_C_LANGUAGE_STANDARD = gnu11;
				GCC_DYNAMIC_NO_PIC = NO;
				GCC_NO_COMMON_BLOCKS = YES;
				GCC_OPTIMIZATION_LEVEL = 0;
				GCC_PREPROCESSOR_DEFINITIONS = (
					"DEBUG=1",
					"$(inherited)",
				);
				GCC_WARN_64_TO_32_BIT_CONVERSION = YES;
				GCC_WARN_ABOUT_RETURN_TYPE = YES_ERROR;
				GCC_WARN_UNDECLARED_SELECTOR = YES;
				GCC_WARN_UNINITIALIZED_AUTOS = YES_AGGRESSIVE;
				GCC_WARN_UNUSED_FUNCTION = YES;
				GCC_WARN_UNUSED_VARIABLE = YES;
				IPHONEOS_DEPLOYMENT_TARGET = 14.5;
				MTL_ENABLE_DEBUG_INFO = INCLUDE_SOURCE;
				MTL_FAST_MATH = YES;
				ONLY_ACTIVE_ARCH = YES;
				SDKROOT = iphoneos;
				SWIFT_ACTIVE_COMPILATION_CONDITIONS = DEBUG;
				SWIFT_OPTIMIZATION_LEVEL = "-Onone";
			};
			name = Debug;
		};
		D9EF30B02683BF95009761A9 /* Release */ = {
			isa = XCBuildConfiguration;
			buildSettings = {
				ALWAYS_SEARCH_USER_PATHS = NO;
				CLANG_ANALYZER_NONNULL = YES;
				CLANG_ANALYZER_NUMBER_OBJECT_CONVERSION = YES_AGGRESSIVE;
				CLANG_CXX_LANGUAGE_STANDARD = "gnu++14";
				CLANG_CXX_LIBRARY = "libc++";
				CLANG_ENABLE_MODULES = YES;
				CLANG_ENABLE_OBJC_ARC = YES;
				CLANG_ENABLE_OBJC_WEAK = YES;
				CLANG_WARN_BLOCK_CAPTURE_AUTORELEASING = YES;
				CLANG_WARN_BOOL_CONVERSION = YES;
				CLANG_WARN_COMMA = YES;
				CLANG_WARN_CONSTANT_CONVERSION = YES;
				CLANG_WARN_DEPRECATED_OBJC_IMPLEMENTATIONS = YES;
				CLANG_WARN_DIRECT_OBJC_ISA_USAGE = YES_ERROR;
				CLANG_WARN_DOCUMENTATION_COMMENTS = YES;
				CLANG_WARN_EMPTY_BODY = YES;
				CLANG_WARN_ENUM_CONVERSION = YES;
				CLANG_WARN_INFINITE_RECURSION = YES;
				CLANG_WARN_INT_CONVERSION = YES;
				CLANG_WARN_NON_LITERAL_NULL_CONVERSION = YES;
				CLANG_WARN_OBJC_IMPLICIT_RETAIN_SELF = YES;
				CLANG_WARN_OBJC_LITERAL_CONVERSION = YES;
				CLANG_WARN_OBJC_ROOT_CLASS = YES_ERROR;
				CLANG_WARN_QUOTED_INCLUDE_IN_FRAMEWORK_HEADER = YES;
				CLANG_WARN_RANGE_LOOP_ANALYSIS = YES;
				CLANG_WARN_STRICT_PROTOTYPES = YES;
				CLANG_WARN_SUSPICIOUS_MOVE = YES;
				CLANG_WARN_UNGUARDED_AVAILABILITY = YES_AGGRESSIVE;
				CLANG_WARN_UNREACHABLE_CODE = YES;
				CLANG_WARN__DUPLICATE_METHOD_MATCH = YES;
				COPY_PHASE_STRIP = NO;
				DEBUG_INFORMATION_FORMAT = "dwarf-with-dsym";
				ENABLE_NS_ASSERTIONS = NO;
				ENABLE_STRICT_OBJC_MSGSEND = YES;
				GCC_C_LANGUAGE_STANDARD = gnu11;
				GCC_NO_COMMON_BLOCKS = YES;
				GCC_WARN_64_TO_32_BIT_CONVERSION = YES;
				GCC_WARN_ABOUT_RETURN_TYPE = YES_ERROR;
				GCC_WARN_UNDECLARED_SELECTOR = YES;
				GCC_WARN_UNINITIALIZED_AUTOS = YES_AGGRESSIVE;
				GCC_WARN_UNUSED_FUNCTION = YES;
				GCC_WARN_UNUSED_VARIABLE = YES;
				IPHONEOS_DEPLOYMENT_TARGET = 14.5;
				MTL_ENABLE_DEBUG_INFO = NO;
				MTL_FAST_MATH = YES;
				SDKROOT = iphoneos;
				SWIFT_COMPILATION_MODE = wholemodule;
				SWIFT_OPTIMIZATION_LEVEL = "-O";
				VALIDATE_PRODUCT = YES;
			};
			name = Release;
		};
		D9EF30B22683BF95009761A9 /* Debug */ = {
			isa = XCBuildConfiguration;
			buildSettings = {
				ASSETCATALOG_COMPILER_APPICON_NAME = AppIcon;
				ASSETCATALOG_COMPILER_GLOBAL_ACCENT_COLOR_NAME = AccentColor;
				CLANG_ENABLE_MODULES = YES;
				CODE_SIGN_STYLE = Automatic;
				DEVELOPMENT_TEAM = H9FL6Z93F8;
				INFOPLIST_FILE = LightsOut/Info.plist;
				IPHONEOS_DEPLOYMENT_TARGET = 15.0;
				LD_RUNPATH_SEARCH_PATHS = (
					"$(inherited)",
					"@executable_path/Frameworks",
				);
				PRODUCT_BUNDLE_IDENTIFIER = com.l33t.LightsOut;
				PRODUCT_NAME = "$(TARGET_NAME)";
				SWIFT_OBJC_BRIDGING_HEADER = "LightsOut/LightsOut-Bridging-Header.h";
				SWIFT_OPTIMIZATION_LEVEL = "-Onone";
				SWIFT_VERSION = 5.0;
				TARGETED_DEVICE_FAMILY = "1,2";
			};
			name = Debug;
		};
		D9EF30B32683BF95009761A9 /* Release */ = {
			isa = XCBuildConfiguration;
			buildSettings = {
				ASSETCATALOG_COMPILER_APPICON_NAME = AppIcon;
				ASSETCATALOG_COMPILER_GLOBAL_ACCENT_COLOR_NAME = AccentColor;
				CLANG_ENABLE_MODULES = YES;
				CODE_SIGN_STYLE = Automatic;
				DEVELOPMENT_TEAM = H9FL6Z93F8;
				INFOPLIST_FILE = LightsOut/Info.plist;
				IPHONEOS_DEPLOYMENT_TARGET = 15.0;
				LD_RUNPATH_SEARCH_PATHS = (
					"$(inherited)",
					"@executable_path/Frameworks",
				);
				PRODUCT_BUNDLE_IDENTIFIER = com.l33t.LightsOut;
				PRODUCT_NAME = "$(TARGET_NAME)";
				SWIFT_OBJC_BRIDGING_HEADER = "LightsOut/LightsOut-Bridging-Header.h";
				SWIFT_VERSION = 5.0;
				TARGETED_DEVICE_FAMILY = "1,2";
			};
			name = Release;
		};
/* End XCBuildConfiguration section */

/* Begin XCConfigurationList section */
		D9EF30982683BF94009761A9 /* Build configuration list for PBXProject "LightsOut" */ = {
			isa = XCConfigurationList;
			buildConfigurations = (
				D9EF30AF2683BF95009761A9 /* Debug */,
				D9EF30B02683BF95009761A9 /* Release */,
			);
			defaultConfigurationIsVisible = 0;
			defaultConfigurationName = Release;
		};
		D9EF30B12683BF95009761A9 /* Build configuration list for PBXNativeTarget "LightsOut" */ = {
			isa = XCConfigurationList;
			buildConfigurations = (
				D9EF30B22683BF95009761A9 /* Debug */,
				D9EF30B32683BF95009761A9 /* Release */,
			);
			defaultConfigurationIsVisible = 0;
			defaultConfigurationName = Release;
		};
/* End XCConfigurationList section */

/* Begin XCRemoteSwiftPackageReference section */
		D97D508427709727003D677A /* XCRemoteSwiftPackageReference "Moya" */ = {
			isa = XCRemoteSwiftPackageReference;
			repositoryURL = "https://github.com/Moya/Moya";
			requirement = {
				branch = master;
				kind = branch;
			};
		};
		D9D42ED92771EB0800CC6336 /* XCRemoteSwiftPackageReference "CombineCocoa" */ = {
			isa = XCRemoteSwiftPackageReference;
			repositoryURL = "https://github.com/CombineCommunity/CombineCocoa";
			requirement = {
				kind = upToNextMajorVersion;
				minimumVersion = 0.4.0;
			};
		};
		D9D42EDC2772155500CC6336 /* XCRemoteSwiftPackageReference "Throttler" */ = {
			isa = XCRemoteSwiftPackageReference;
			repositoryURL = "https://github.com/boraseoksoon/Throttler";
			requirement = {
				kind = upToNextMajorVersion;
				minimumVersion = 1.0.0;
			};
		};
/* End XCRemoteSwiftPackageReference section */

/* Begin XCSwiftPackageProductDependency section */
		D97D508527709727003D677A /* Moya */ = {
			isa = XCSwiftPackageProductDependency;
			package = D97D508427709727003D677A /* XCRemoteSwiftPackageReference "Moya" */;
			productName = Moya;
		};
		D9D42EDA2771EB0800CC6336 /* CombineCocoa */ = {
			isa = XCSwiftPackageProductDependency;
			package = D9D42ED92771EB0800CC6336 /* XCRemoteSwiftPackageReference "CombineCocoa" */;
			productName = CombineCocoa;
		};
		D9D42EDD2772155500CC6336 /* Throttler */ = {
			isa = XCSwiftPackageProductDependency;
			package = D9D42EDC2772155500CC6336 /* XCRemoteSwiftPackageReference "Throttler" */;
			productName = Throttler;
		};
/* End XCSwiftPackageProductDependency section */
	};
	rootObject = D9EF30952683BF94009761A9 /* Project object */;
}
